
Microsoft Visual Studio Solution File, Format Version 12.00
# Visual Studio Version 17
VisualStudioVersion = 17.13.35828.75 d17.13
MinimumVisualStudioVersion = 10.0.40219.1
Project("{FAE04EC0-301F-11D3-BF4B-00C04F79EFBC}") = "OurGame", "OurGame.csproj", "{79030325-F1F4-44AB-B8C1-75D88883402F}"
EndProject
Global
	GlobalSection(SolutionConfigurationPlatforms) = preSolution
		Debug|Any CPU = Debug|Any CPU
		Release|Any CPU = Release|Any CPU
	EndGlobalSection
	GlobalSection(ProjectConfigurationPlatforms) = postSolution
		{79030325-F1F4-44AB-B8C1-75D88883402F}.Debug|Any CPU.ActiveCfg = Debug|Any CPU
		{79030325-F1F4-44AB-B8C1-75D88883402F}.Debug|Any CPU.Build.0 = Debug|Any CPU
		{79030325-F1F4-44AB-B8C1-75D88883402F}.Release|Any CPU.ActiveCfg = Release|Any CPU
		{79030325-F1F4-44AB-B8C1-75D88883402F}.Release|Any CPU.Build.0 = Release|Any CPU
	EndGlobalSection
	GlobalSection(SolutionProperties) = preSolution
		HideSolutionNode = FALSE
	EndGlobalSection
	GlobalSection(ExtensibilityGlobals) = postSolution
		SolutionGuid = {BA820D23-B08B-44B3-A435-DFE60B500B93}
	EndGlobalSection
EndGlobal
